lockfileVersion: '9.0'

settings:
  autoInstallPeers: true
  excludeLinksFromLockfile: false

importers:

  .:
    devDependencies:
      oxfmt:
        specifier: ^0.55.0
        version: 0.55.0
      oxlint:
        specifier: ^1.70.0
        version: 1.83.0

packages:

  '@oxfmt/binding-android-arm-eabi@0.55.0':
    resolution: {integrity: sha512-+rFDOqQe5LOWgxrAJaZgLRudr6GQm0wGI6gtu7vVkrdLGjNMUSGbAlaCr8j7F2H2Er97vYQCU8WDb30onqMM1g==}
    engines: {node: ^20.19.0 || >=22.12.0}
    cpu: [arm]
    os: [android]

  '@oxfmt/binding-android-arm64@0.55.0':
    resolution: {integrity: sha512-ctulLq8s3x8Zmvw6+iccB09TIKERAklRSmbJ10gk8mlAn05qZxoyo52dj3Hi9IJcmDSwF54fQaTVh2CbL6PInw==}
    engines: {node: ^20.19.0 || >=22.12.0}
    cpu: [arm64]
    os: [android]

  '@oxfmt/binding-darwin-arm64@0.55.0':
    resolution: {integrity: sha512-xDQczLH9pw/RBk1h/GH0qcGMm8hQtmtVHBNLSH3lk1gEIR09hZ4L+mJQl4VqiVAvPK9VG9PYrWWuSQLt7xTbiA==}
    engines: {node: ^20.19.0 || >=22.12.0}
    cpu: [arm64]
    os: [darwin]

  '@oxfmt/binding-darwin-x64@0.55.0':
    resolution: {integrity: sha512-JaNoFCkF2CJdGgpPSMbuO9HVyXyoNGIhMHPvp6NYAjeVKw9XEYc0HcUWJLPQa3Q69WV5wMa9m5jPMJPtbLtcRg==}
    engines: {node: ^20.19.0 || >=22.12.0}
    cpu: [x64]
    os: [darwin]

  '@oxfmt/binding-freebsd-x64@0.55.0':
    resolution: {integrity: sha512-DNbszhpg6S2MIzax5azdHFTTBIVkR5xr8yyRZuA4yoDAwOkzIp3tmldgKZM2+VlT+hJIG0xUksA+elISzMEAfA==}
    engines: {node: ^20.19.0 || >=22.12.0}
    cpu: [x64]
    os: [freebsd]

  '@oxfmt/binding-linux-arm-gnueabihf@0.55.0':
    resolution: {integrity: sha512-2snoaoRfFFyGnbOcKUK36rREBYxe/Xgz3uHbiA5zbCB/s6R4DQj4mHqYAaWWhgizCUSDxV8cE9zAZ0XleNpKGw==}
    engines: {node: ^20.19.0 || >=22.12.0}
    cpu: [arm]
    os: [linux]

  '@oxfmt/binding-linux-arm-musleabihf@0.55.0':
    resolution: {integrity: sha512-q1aktHF/WRpSK81BX1dE/9vWrS2jGw1Nax2kb4DBLGAewubCLcoNyp4Zl/NSMgbv3vUS46Z33wIQkBVYOP3PYg==}
    engines: {node: ^20.19.0 || >=22.12.0}
    cpu: [arm]
    os: [linux]

  '@oxfmt/binding-linux-arm64-gnu@0.55.0':
    resolution: {integrity: sha512-VD0y36aENezl/3tsclA/4G53Cc7iV+7Uoh7gz4yvcOTaEYBtJpQsE6PKDGTtUtOvGS4kv51ybfXY/nWZejO5IA==}
    engines: {node: ^20.19.0 || >=22.12.0}
    cpu: [arm64]
    os: [linux]
    libc: [glibc]

  '@oxfmt/binding-linux-arm64-musl@0.55.0':
    resolution: {integrity: sha512-r8xlKJFcsRmn0H5jZrdORae6RX9jDBrZVvOoxF+bCQtampQJClv80aZEHsv+NsLsp2KCE5ql79O7DpPVzYWpXA==}
    engines: {node: ^20.19.0 || >=22.12.0}
    cpu: [arm64]
    os: [linux]
    libc: [musl]

  '@oxfmt/binding-linux-ppc64-gnu@0.55.0':
    resolution: {integrity: sha512-GRKv/HXHcwIVld/WU61rF0g0R16hl5EJ+ScKdpjevT57lnLnagj/U2YUbXf2mT+2Pg1uCzWC+mvGicPV3CDdLQ==}
    engines: {node: ^20.19.0 || >=22.12.0}
    cpu: [ppc64]
    os: [linux]
    libc: [glibc]

  '@oxfmt/binding-linux-riscv64-gnu@0.55.0':
    resolution: {integrity: sha512-rdv57enTiPtpSYRMKfAiEbQb0Puw5t9N7isVinDoo5qeLDScro2gznmZqSgSWbVZRzLisTeCTW8Qwgw0bOHv3A==}
    engines: {node: ^20.19.0 || >=22.12.0}
    cpu: [riscv64]
    os: [linux]
    libc: [glibc]

  '@oxfmt/binding-linux-riscv64-musl@0.55.0':
    resolution: {integrity: sha512-7v1nNrlD43VY6+sYQ6efYyb3lE6QY182304PD/768ZxTjOmFd/3dQa3u/nGBUAXYdGSWOQc5N3PnS0QzUXyEIA==}
    engines: {node: ^20.19.0 || >=22.12.0}
    cpu: [riscv64]
    os: [linux]
    libc: [musl]

  '@oxfmt/binding-linux-s390x-gnu@0.55.0':
    resolution: {integrity: sha512-f4lJLUSPOgScjFl9LiflKCTocyNRwE25JmTMbN4XQdDjoZzEHjqf3wA3VESF1/csg7i8m7+EQLbrZyYDqe10UQ==}
    engines: {node: ^20.19.0 || >=22.12.0}
    cpu: [s390x]
    os: [linux]
    libc: [glibc]

  '@oxfmt/binding-linux-x64-gnu@0.55.0':
    resolution: {integrity: sha512-MihqiPziJNoWy4MqNSV+jVA1g+07iQDjZiR0vaCaDoPgFEiJpCMsxamktzLV07cEeQsSJ04vQaU4CzCQwIvtDA==}
    engines: {node: ^20.19.0 || >=22.12.0}
    cpu: [x64]
    os: [linux]
    libc: [glibc]

  '@oxfmt/binding-linux-x64-musl@0.55.0':
    resolution: {integrity: sha512-Yqghym7KYAVjP9MmSrNZiDeerMuoejNjo0r3ox5H3GDKk8eAfl8VyJm9i+pWCLDCTnAbcTUMMN2ZKjUYXH1v3g==}
    engines: {node: ^20.19.0 || >=22.12.0}
    cpu: [x64]
    os: [linux]
    libc: [musl]

  '@oxfmt/binding-openharmony-arm64@0.55.0':
    resolution: {integrity: sha512-s5SDvVVSbyQl1V5UU3Yl12M+XLUQ3rl5SglNqgAA2K4PXUtQhyNSS00wivONPEnNo5W01rCou8WkDNyvI/RGHg==}
    engines: {node: ^20.19.0 || >=22.12.0}
    cpu: [arm64]
    os: [openharmony]

  '@oxfmt/binding-win32-arm64-msvc@0.55.0':
    resolution: {integrity: sha512-7p9FB5R32tw2KyyNX3wpQrR2WHwEHvMEiBlGXxeTCaRMCVNx3UtFMAUbaQ/pRNWIrEUZmYhJ6tcUH52uPTRYjQ==}
    engines: {node: ^20.19.0 || >=22.12.0}
    cpu: [arm64]
    os: [win32]

  '@oxfmt/binding-win32-ia32-msvc@0.55.0':
    resolution: {integrity: sha512-ZYqj3fDnOT1IaVGMP5kpmkQl4F3tQIm2ZyAxvqkJYmI0xgWWak4ss4XYwv3VDfM+TWXeC9K4uQ/wW5jm/5XABA==}
    engines: {node: ^20.19.0 || >=22.12.0}
    cpu: [ia32]
    os: [win32]

  '@oxfmt/binding-win32-x64-msvc@0.55.0':
    resolution: {integrity: sha512-eEYT5tivGnGbPHuOHuQpi6CGLObhh0re/5jcNQHihD2GRYkTM85dyi5a19zjP8Q00t1uqAx+/QGLUGdHeqzWyg==}
    engines: {node: ^20.19.0 || >=22.12.0}
    cpu: [x64]
    os: [win32]

  '@oxlint/binding-android-arm-eabi@1.83.0':
    resolution: {integrity: sha512-0yGY24EwsLk5YDe6F+VkmZyRHSwJDALa3nIrPpq7FXmp2lV2d0TzvBCGeZk+wgiULRGr5blhyr4QMp5KCXJUqA==}
    engines: {node: ^20.19.0 || >=22.12.0}
    cpu: [arm]
    os: [android]

  '@oxlint/binding-android-arm64@1.83.0':
    resolution: {integrity: sha512-hHfJ0vc17A4iUjH5p9BsTUPYbYRNxGpvD2lbu1aBRk54bzNIx9o5TtYF39QPZcV95DagZd+4DEAw2RH3G2ZsMg==}
    engines: {node: ^20.19.0 || >=22.12.0}
    cpu: [arm64]
    os: [android]

  '@oxlint/binding-darwin-arm64@1.83.0':
    resolution: {integrity: sha512-hsOjYjszLb/3zym/TkzUMPAoQlTJcuzSyEPOAyA+skXJIX9M0o+4JfOtqopX/Vf4hSLrJ98j0nvFo23gzk8auQ==}
    engines: {node: ^20.19.0 || >=22.12.0}
    cpu: [arm64]
    os: [darwin]

  '@oxlint/binding-darwin-x64@1.83.0':
    resolution: {integrity: sha512-mjh5oH2EA+wl5yRJYT9K9G61O2zFlpuv+yf2JwZOi0+dq2FnTUtm1h8i+5Ik0fXPWIu/k84I1psZR9aQsLAnyA==}
    engines: {node: ^20.19.0 || >=22.12.0}
    cpu: [x64]
    os: [darwin]

  '@oxlint/binding-freebsd-x64@1.83.0':
    resolution: {integrity: sha512-fNHr64/YaO8YssuoDVC8+F4Uk5enR86q5uxfHkQrjAPs1dbAILOrD2uaud+J7MO8Fx774g44ERLD0IGIvZE48w==}
    engines: {node: ^20.19.0 || >=22.12.0}
    cpu: [x64]
    os: [freebsd]

  '@oxlint/binding-linux-arm-gnueabihf@1.83.0':
    resolution: {integrity: sha512-Qpwy3zzAwMj+8/lyYItHmkSMwbkprFNWTK7jPYDOxSyxEhaSLOWYUTCMkjF334J8/WD0nznCCsoBbIH6hpsuIw==}
    engines: {node: ^20.19.0 || >=22.12.0}
    cpu: [arm]
    os: [linux]

  '@oxlint/binding-linux-arm-musleabihf@1.83.0':
    resolution: {integrity: sha512-s+BirYLFq7JL2k9sP0XI3ZXJ9dYvJ8sX3jLCLoag7tt+zrSHpZxP0jqznfL+Gdgwu7ay0dYgGYJXrQvq3iWloA==}
    engines: {node: ^20.19.0 || >=22.12.0}
    cpu: [arm]
    os: [linux]

  '@oxlint/binding-linux-arm64-gnu@1.83.0':
    resolution: {integrity: sha512-7lihXt3vKr+GIyapNbHrnFHm/biiW30le6Zv/DExbAFPF6YwCQXVFlONPFehxs0CpGO4CBfYPM9rdDT+XMoIlg==}
    engines: {node: ^20.19.0 || >=22.12.0}
    cpu: [arm64]
    os: [linux]
    libc: [glibc]

  '@oxlint/binding-linux-arm64-musl@1.83.0':
    resolution: {integrity: sha512-q63JalLYVkZiZvls1z3PPUnpmQluOMXp0khqQMznCeAPLGydfNY8JhvuA4WlK57JfrvikU8wB5lPVveqpIXvew==}
    engines: {node: ^20.19.0 || >=22.12.0}
    cpu: [arm64]
    os: [linux]
    libc: [musl]

  '@oxlint/binding-linux-ppc64-gnu@1.83.0':
    resolution: {integrity: sha512-krQmDF+dRbxvdqVPV88ZuOoPPu8X5BuqDA8Hd+qcS4YMRQCb+nexA57DazgGsc/rGdKBe3QmV0mnv0bdpW/p5g==}
    engines: {node: ^20.19.0 || >=22.12.0}
    cpu: [ppc64]
    os: [linux]
    libc: [glibc]

  '@oxlint/binding-linux-riscv64-gnu@1.83.0':
    resolution: {integrity: sha512-MmOl8Y6txEAXZU1RG8Rr264jQ6D7VPmqFsU/45x/FeWsGe32hklTqGrLE6UxHzp5Rjt0wP+20tY8YXKgSFB3mw==}
    engines: {node: ^20.19.0 || >=22.12.0}
    cpu: [riscv64]
    os: [linux]
    libc: [glibc]

  '@oxlint/binding-linux-riscv64-musl@1.83.0':
    resolution: {integrity: sha512-u1rMymh0W3JZkq370kzQsYPULGWqhE09pZRqnZvUSoYaI9pVO5yVX+iYIslmWuEgwuzH9YAaOsScJiobWCHoOw==}
    engines: {node: ^20.19.0 || >=22.12.0}
    cpu: [riscv64]
    os: [linux]
    libc: [musl]

  '@oxlint/binding-linux-s390x-gnu@1.83.0':
    resolution: {integrity: sha512-y0zK3HNwGysu7rqtE+BQG/d0bx5gh/KwlOtghN8oWeK1KcWzeaLqtZrbm8owqdma1lFyrce/hTO5ismuNu+INQ==}
    engines: {node: ^20.19.0 || >=22.12.0}
    cpu: [s390x]
    os: [linux]
    libc: [glibc]

  '@oxlint/binding-linux-x64-gnu@1.83.0':
    resolution: {integrity: sha512-rS5gM0NgD7ngmuJmbIehsidtrOwKkLFwCQbKEeb9KuyQrrWNq5Zkn0uV6AYdXOMJ0grrWEiLwBuvMxt8w5vsNw==}
    engines: {node: ^20.19.0 || >=22.12.0}
    cpu: [x64]
    os: [linux]
    libc: [glibc]

  '@oxlint/binding-linux-x64-musl@1.83.0':
    resolution: {integrity: sha512-W2IH4EtpcPaWcvNGCA95YoDg4vxqE/ZiPCi3arrxEEpsK7+JQN9WYwrlYFx9pcdP6KPXqRqkv3zdQPHcx7b6YQ==}
    engines: {node: ^20.19.0 || >=22.12.0}
    cpu: [x64]
    os: [linux]
    libc: [musl]

  '@oxlint/binding-openharmony-arm64@1.83.0':
    resolution: {integrity: sha512-6LyKkUyoajssTPLlZmDbZIbu4IZ5B4bGuRUnBgCGpEvHP3FQMaYITncHA/unPUo7q+Z+pIu2HhdkQ+8d1SG7iA==}
    engines: {node: ^20.19.0 || >=22.12.0}
    cpu: [arm64]
    os: [openharmony]

  '@oxlint/binding-win32-arm64-msvc@1.83.0':
    resolution: {integrity: sha512-Uz/fObEtF0jmNJQJ8CGRBKfefYstS0/wjD3s6IGzP8nUwsJykHQJBiN3npHwKiGRGn/vvBEgNr4B3cCzmmatvg==}
    engines: {node: ^20.19.0 || >=22.12.0}
    cpu: [arm64]
    os: [win32]

  '@oxlint/binding-win32-ia32-msvc@1.83.0':
    resolution: {integrity: sha512-u7XcvPW6Bk58tY5iWs2ESb0vJjoE/kuSpHxopbwp/p3ZtWVQXZ6wor5w3ssVTHOqd/v8b+QdhSFWQ4grEUNWpA==}
    engines: {node: ^20.19.0 || >=22.12.0}
    cpu: [ia32]
    os: [win32]

  '@oxlint/binding-win32-x64-msvc@1.83.0':
    resolution: {integrity: sha512-LZRubd7ph13QmAg4fFecTYVZkiYbROR2Htaxh/ufWRkDhPOm2wrwaEYR89e0YpPFD3dqBrPoxS7myBw5hmYA7Q==}
    engines: {node: ^20.19.0 || >=22.12.0}
    cpu: [x64]
    os: [win32]

  oxfmt@0.55.0:
    resolution: {integrity: sha512-jSj2wCTakwgPMxkfiVZX0jf+nX+Nz6xlyAZjqNE0qXTFdCBPYlP6JAN+ODjmealw7DXBjOzYbdsqwBMAZnPZ6A==}
    engines: {node: ^20.19.0 || >=22.12.0}
    hasBin: true
    peerDependencies:
      svelte: ^5.0.0
      vite-plus: '*'
    peerDependenciesMeta:
      svelte:
        optional: true
      vite-plus:
        optional: true

  oxlint@1.83.0:
    resolution: {integrity: sha512-cyDzSzaw3uzP0TeCeq3lLRPPoaUxkbB4ZOXj+kn+5r+BX9V+4bNVGk9lxer+WrgcpebH4JxLlJ3KQjveVztOLQ==}
    engines: {node: ^20.19.0 || >=22.12.0}
    hasBin: true
    peerDependencies:
      oxlint-tsgolint: '>=7.0.2001'
      vite-plus: '*'
    peerDependenciesMeta:
      oxlint-tsgolint:
        optional: true
      vite-plus:
        optional: true

  tinypool@2.1.0:
    resolution: {integrity: sha512-Pugqs6M0m7Lv1I7FtxN4aoyToKg1C4tu+/381vH35y8oENM/Ai7f7C4StcoK4/+BSw9ebcS8jRiVrORFKCALLw==}
    engines: {node: ^20.0.0 || >=22.0.0}

snapshots:

  '@oxfmt/binding-android-arm-eabi@0.55.0':
    optional: true

  '@oxfmt/binding-android-arm64@0.55.0':
    optional: true

  '@oxfmt/binding-darwin-arm64@0.55.0':
    optional: true

  '@oxfmt/binding-darwin-x64@0.55.0':
    optional: true

  '@oxfmt/binding-freebsd-x64@0.55.0':
    optional: true

  '@oxfmt/binding-linux-arm-gnueabihf@0.55.0':
    optional: true

  '@oxfmt/binding-linux-arm-musleabihf@0.55.0':
    optional: true

  '@oxfmt/binding-linux-arm64-gnu@0.55.0':
    optional: true

  '@oxfmt/binding-linux-arm64-musl@0.55.0':
    optional: true

  '@oxfmt/binding-linux-ppc64-gnu@0.55.0':
    optional: true

  '@oxfmt/binding-linux-riscv64-gnu@0.55.0':
    optional: true

  '@oxfmt/binding-linux-riscv64-musl@0.55.0':
    optional: true

  '@oxfmt/binding-linux-s390x-gnu@0.55.0':
    optional: true

  '@oxfmt/binding-linux-x64-gnu@0.55.0':
    optional: true

  '@oxfmt/binding-linux-x64-musl@0.55.0':
    optional: true

  '@oxfmt/binding-openharmony-arm64@0.55.0':
    optional: true

  '@oxfmt/binding-win32-arm64-msvc@0.55.0':
    optional: true

  '@oxfmt/binding-win32-ia32-msvc@0.55.0':
    optional: true

  '@oxfmt/binding-win32-x64-msvc@0.55.0':
    optional: true

  '@oxlint/binding-android-arm-eabi@1.83.0':
    optional: true

  '@oxlint/binding-android-arm64@1.83.0':
    optional: true

  '@oxlint/binding-darwin-arm64@1.83.0':
    optional: true

  '@oxlint/binding-darwin-x64@1.83.0':
    optional: true

  '@oxlint/binding-freebsd-x64@1.83.0':
    optional: true

  '@oxlint/binding-linux-arm-gnueabihf@1.83.0':
    optional: true

  '@oxlint/binding-linux-arm-musleabihf@1.83.0':
    optional: true

  '@oxlint/binding-linux-arm64-gnu@1.83.0':
    optional: true

  '@oxlint/binding-linux-arm64-musl@1.83.0':
    optional: true

  '@oxlint/binding-linux-ppc64-gnu@1.83.0':
    optional: true

  '@oxlint/binding-linux-riscv64-gnu@1.83.0':
    optional: true

  '@oxlint/binding-linux-riscv64-musl@1.83.0':
    optional: true

  '@oxlint/binding-linux-s390x-gnu@1.83.0':
    optional: true

  '@oxlint/binding-linux-x64-gnu@1.83.0':
    optional: true

  '@oxlint/binding-linux-x64-musl@1.83.0':
    optional: true

  '@oxlint/binding-openharmony-arm64@1.83.0':
    optional: true

  '@oxlint/binding-win32-arm64-msvc@1.83.0':
    optional: true

  '@oxlint/binding-win32-ia32-msvc@1.83.0':
    optional: true

  '@oxlint/binding-win32-x64-msvc@1.83.0':
    optional: true

  oxfmt@0.55.0:
    dependencies:
      tinypool: 2.1.0
    optionalDependencies:
      '@oxfmt/binding-android-arm-eabi': 0.55.0
      '@oxfmt/binding-android-arm64': 0.55.0
      '@oxfmt/binding-darwin-arm64': 0.55.0
      '@oxfmt/binding-darwin-x64': 0.55.0
      '@oxfmt/binding-freebsd-x64': 0.55.0
      '@oxfmt/binding-linux-arm-gnueabihf': 0.55.0
      '@oxfmt/binding-linux-arm-musleabihf': 0.55.0
      '@oxfmt/binding-linux-arm64-gnu': 0.55.0
      '@oxfmt/binding-linux-arm64-musl': 0.55.0
      '@oxfmt/binding-linux-ppc64-gnu': 0.55.0
      '@oxfmt/binding-linux-riscv64-gnu': 0.55.0
      '@oxfmt/binding-linux-riscv64-musl': 0.55.0
      '@oxfmt/binding-linux-s390x-gnu': 0.55.0
      '@oxfmt/binding-linux-x64-gnu': 0.55.0
      '@oxfmt/binding-linux-x64-musl': 0.55.0
      '@oxfmt/binding-openharmony-arm64': 0.55.0
      '@oxfmt/binding-win32-arm64-msvc': 0.55.0
      '@oxfmt/binding-win32-ia32-msvc': 0.55.0
      '@oxfmt/binding-win32-x64-msvc': 0.55.0

  oxlint@1.83.0:
    optionalDependencies:
      '@oxlint/binding-android-arm-eabi': 1.83.0
      '@oxlint/binding-android-arm64': 1.83.0
      '@oxlint/binding-darwin-arm64': 1.83.0
      '@oxlint/binding-darwin-x64': 1.83.0
      '@oxlint/binding-freebsd-x64': 1.83.0
      '@oxlint/binding-linux-arm-gnueabihf': 1.83.0
      '@oxlint/binding-linux-arm-musleabihf': 1.83.0
      '@oxlint/binding-linux-arm64-gnu': 1.83.0
      '@oxlint/binding-linux-arm64-musl': 1.83.0
      '@oxlint/binding-linux-ppc64-gnu': 1.83.0
      '@oxlint/binding-linux-riscv64-gnu': 1.83.0
      '@oxlint/binding-linux-riscv64-musl': 1.83.0
      '@oxlint/binding-linux-s390x-gnu': 1.83.0
      '@oxlint/binding-linux-x64-gnu': 1.83.0
      '@oxlint/binding-linux-x64-musl': 1.83.0
      '@oxlint/binding-openharmony-arm64': 1.83.0
      '@oxlint/binding-win32-arm64-msvc': 1.83.0
      '@oxlint/binding-win32-ia32-msvc': 1.83.0
      '@oxlint/binding-win32-x64-msvc': 1.83.0

  tinypool@2.1.0: {}
